PODS:
  - GoogleDataTransport (9.2.0):
    - GoogleUtilities/Environment (~> 7.7)
    - nanopb (< 2.30910.0, >= 2.30908.0)
    - PromisesObjC (< 3.0, >= 1.2)
  - GoogleMLKit/FaceDetection (3.1.0):
    - GoogleMLKit/MLKitCore
    - MLKitFaceDetection (~> 2.1.0)
  - GoogleMLKit/ImageLabeling (3.1.0):
    - GoogleMLKit/MLKitCore
    - MLKitImageLabeling (~> 2.1.0)
  - GoogleMLKit/MLKitCore (3.1.0):
    - MLKitCommon (~> 7.0.0)
  - GoogleMLKit/TextRecognition (3.1.0):
    - GoogleMLKit/MLKitCore
    - MLKitTextRecognition (~> 1.4.0-beta5)
  - GoogleToolboxForMac/DebugUtils (2.3.2):
    - GoogleToolboxForMac/Defines (= 2.3.2)
  - GoogleToolboxForMac/Defines (2.3.2)
  - GoogleToolboxForMac/Logger (2.3.2):
    - GoogleToolboxForMac/Defines (= 2.3.2)
  - "GoogleToolboxForMac/NSData+zlib (2.3.2)":
    - GoogleToolboxForMac/Defines (= 2.3.2)
  - "GoogleToolboxForMac/NSDictionary+URLArguments (2.3.2)":
    - GoogleToolboxForMac/DebugUtils (= 2.3.2)
    - GoogleToolboxForMac/Defines (= 2.3.2)
    - "GoogleToolboxForMac/NSString+URLArguments (= 2.3.2)"
  - "GoogleToolboxForMac/NSString+URLArguments (2.3.2)"
  - GoogleUtilities/Environment (7.7.0):
    - PromisesObjC (< 3.0, >= 1.2)
  - GoogleUtilities/Logger (7.7.0):
    - GoogleUtilities/Environment
  - GoogleUtilities/UserDefaults (7.7.0):
    - GoogleUtilities/Logger
  - GoogleUtilitiesComponents (1.1.0):
    - GoogleUtilities/Logger
  - GTMSessionFetcher/Core (1.7.2)
  - GZIP (1.3.0)
  - IDCapture (9.3.1.50)
  - IDentitySDK2.0 (9.3.1.50):
    - IDCapture
    - SelfieCapture
  - MLImage (1.0.0-beta3)
  - MLKitCommon (7.0.0):
    - GoogleDataTransport (~> 9.0)
    - GoogleToolboxForMac/Logger (~> 2.1)
    - "GoogleToolboxForMac/NSData+zlib (~> 2.1)"
    - "GoogleToolboxForMac/NSDictionary+URLArguments (~> 2.1)"
    - GoogleUtilities/UserDefaults (~> 7.0)
    - GoogleUtilitiesComponents (~> 1.0)
    - GTMSessionFetcher/Core (~> 1.1)
    - Protobuf (~> 3.12)
  - MLKitFaceDetection (2.1.0):
    - MLKitCommon (~> 7.0)
    - MLKitVision (~> 4.1)
  - MLKitImageLabeling (2.1.0):
    - MLKitCommon (~> 7.0)
    - MLKitImageLabelingCommon (~> 4.1)
    - MLKitVision (~> 4.1)
    - MLKitVisionKit (~> 5.1)
  - MLKitImageLabelingCommon (4.1.0):
    - MLKitCommon (~> 7.0)
    - MLKitVision (~> 4.1)
  - MLKitObjectDetectionCommon (4.1.0):
    - MLKitCommon (~> 7.0)
    - MLKitVision (~> 4.1)
  - MLKitTextRecognition (1.4.0-beta5):
    - MLKitCommon (~> 7.0)
    - MLKitTextRecognitionCommon (= 1.0.0-beta5)
    - MLKitVision (~> 4.1)
  - MLKitTextRecognitionCommon (1.0.0-beta5):
    - MLKitCommon (~> 7.0)
    - MLKitVision (~> 4.1)
  - MLKitVision (4.1.0):
    - GoogleToolboxForMac/Logger (~> 2.1)
    - "GoogleToolboxForMac/NSData+zlib (~> 2.1)"
    - GTMSessionFetcher/Core (~> 1.1)
    - MLImage (= 1.0.0-beta3)
    - MLKitCommon (~> 7.0)
    - Protobuf (~> 3.12)
  - MLKitVisionKit (5.1.0):
    - MLKitCommon (~> 7.0)
    - MLKitImageLabelingCommon (~> 4.1)
    - MLKitObjectDetectionCommon (~> 4.1)
    - MLKitVision (~> 4.1)
  - nanopb (2.30909.0):
    - nanopb/decode (= 2.30909.0)
    - nanopb/encode (= 2.30909.0)
  - nanopb/decode (2.30909.0)
  - nanopb/encode (2.30909.0)
  - PromisesObjC (2.1.1)
  - Protobuf (3.21.4)
  - SelfieCapture (9.3.1.50)
  - SSZipArchive (2.4.3)
  - TensorFlowLiteC (2.9.1):
    - TensorFlowLiteC/Core (= 2.9.1)
  - TensorFlowLiteC/Core (2.9.1)
  - TensorFlowLiteSwift (2.9.1):
    - TensorFlowLiteSwift/Core (= 2.9.1)
  - TensorFlowLiteSwift/Core (2.9.1):
    - TensorFlowLiteC (= 2.9.1)
  - ZXingObjC (3.6.5):
    - ZXingObjC/All (= 3.6.5)
  - ZXingObjC/All (3.6.5)

DEPENDENCIES:
  - GoogleMLKit/FaceDetection
  - GoogleMLKit/ImageLabeling
  - GoogleMLKit/TextRecognition
  - GZIP
  - IDentitySDK2.0
  - SSZipArchive
  - TensorFlowLiteSwift
  - ZXingObjC

SPEC REPOS:
  trunk:
    - GoogleDataTransport
    - GoogleMLKit
    - GoogleToolboxForMac
    - GoogleUtilities
    - GoogleUtilitiesComponents
    - GTMSessionFetcher
    - GZIP
    - IDCapture
    - IDentitySDK2.0
    - MLImage
    - MLKitCommon
    - MLKitFaceDetection
    - MLKitImageLabeling
    - MLKitImageLabelingCommon
    - MLKitObjectDetectionCommon
    - MLKitTextRecognition
    - MLKitTextRecognitionCommon
    - MLKitVision
    - MLKitVisionKit
    - nanopb
    - PromisesObjC
    - Protobuf
    - SelfieCapture
    - SSZipArchive
    - TensorFlowLiteC
    - TensorFlowLiteSwift
    - ZXingObjC

SPEC CHECKSUMS:
  GoogleDataTransport: 1c8145da7117bd68bbbed00cf304edb6a24de00f
  GoogleMLKit: 9d072522949ff0ef4dae5359feaf3db2ef2fa658
  GoogleToolboxForMac: 8bef7c7c5cf7291c687cf5354f39f9db6399ad34
  GoogleUtilities: e0913149f6b0625b553d70dae12b49fc62914fd1
  GoogleUtilitiesComponents: 679b2c881db3b615a2777504623df6122dd20afe
  GTMSessionFetcher: 5595ec75acf5be50814f81e9189490412bad82ba
  GZIP: 416858efbe66b41b206895ac6dfd5493200d95b3
  IDCapture: 48a81e1fba15cb1a0a98bfd6bb7ac5512eff7d27
  IDentitySDK2.0: c42670f1ae79e4492b957d632baf1279b55cbf00
  MLImage: 489dfec109f21da8621b28d476401aaf7a0d4ff4
  MLKitCommon: 20f4aca0ec2bb37cef2b9c211b50586817bac5d3
  MLKitFaceDetection: 2698721de95805902cac5e018a01fe95dc76d615
  MLKitImageLabeling: 776cfc464c4d8597f4f4b5d56a9020921a3ad069
  MLKitImageLabelingCommon: c375a2e9b87b614fe1614f003171455751f39371
  MLKitObjectDetectionCommon: 6cfa8926341cd835490b496116e2a1b797abf86e
  MLKitTextRecognition: 46c6574e7db6452f5a426312c04a794c82d6fcf0
  MLKitTextRecognitionCommon: 9f66172593cedc9654d56bf9b3d1044c054e2c41
  MLKitVision: 639a171d937241f3fcf92bc1b3ef8f179f49916c
  MLKitVisionKit: fb450e1ec0b7194aa898bf26b47df897dad93773
  nanopb: b552cce312b6c8484180ef47159bc0f65a1f0431
  PromisesObjC: ab77feca74fa2823e7af4249b8326368e61014cb
  Protobuf: 85a48c73d708782e2869564c0438e211aae98e7a
  SelfieCapture: b0eb035ae79d3edef58b1628a351b46f0ccdf698
  SSZipArchive: fe6a26b2a54d5a0890f2567b5cc6de5caa600aef
  TensorFlowLiteC: 0a765860195fae345ca7398e33b07c80104c4b61
  TensorFlowLiteSwift: 0b584ad1fac27c0015609056a5ab4e7692bd1af3
  ZXingObjC: fdbb269f25dd2032da343e06f10224d62f537bdb

PODFILE CHECKSUM: ab5dbed0e59b5d4ea2f4d75ebab64c14daef5939

COCOAPODS: 1.11.3
